Microsoft Visual Studio Solution File, Format Version 11.00
# Visual Studio 2008

Project("{7DEE2723-3269-DBBD-080F-D69CEC2903D3}") = "REAL Vectorial", "Assembly-CSharp-firstpass.csproj", "{5C48216C-2395-0312-4008-D386D0869F37}"
EndProject
Project("{7DEE2723-3269-DBBD-080F-D69CEC2903D3}") = "REAL Vectorial", "Assembly-CSharp.csproj", "{5D4F61DD-11E0-2529-194A-777DA81258C7}"
EndProject
Project("{7DEE2723-3269-DBBD-080F-D69CEC2903D3}") = "REAL Vectorial", "Assembly-UnityScript-firstpass.unityproj", "{ACF40E7E-EC9D-1025-96E2-2B547623D1DA}"
EndProject
Project("{7DEE2723-3269-DBBD-080F-D69CEC2903D3}") = "REAL Vectorial", "Assembly-UnityScript.unityproj", "{C5764937-02D0-64D5-D89E-F122A8F51938}"
EndProject
Global
	GlobalSection(SolutionConfigurationPlatforms) = preSolution
		Debug|Any CPU = Debug|Any CPU
		Release|Any CPU = Release|Any CPU
	EndGlobalSection
	GlobalSection(ProjectConfigurationPlatforms) = postSolution
		{5C48216C-2395-0312-4008-D386D0869F37}.Debug|Any CPU.ActiveCfg = Debug|Any CPU
		{5C48216C-2395-0312-4008-D386D0869F37}.Debug|Any CPU.Build.0 = Debug|Any CPU
		{5C48216C-2395-0312-4008-D386D0869F37}.Release|Any CPU.ActiveCfg = Release|Any CPU
		{5C48216C-2395-0312-4008-D386D0869F37}.Release|Any CPU.Build.0 = Release|Any CPU
		{5D4F61DD-11E0-2529-194A-777DA81258C7}.Debug|Any CPU.ActiveCfg = Debug|Any CPU
		{5D4F61DD-11E0-2529-194A-777DA81258C7}.Debug|Any CPU.Build.0 = Debug|Any CPU
		{5D4F61DD-11E0-2529-194A-777DA81258C7}.Release|Any CPU.ActiveCfg = Release|Any CPU
		{5D4F61DD-11E0-2529-194A-777DA81258C7}.Release|Any CPU.Build.0 = Release|Any CPU
		{ACF40E7E-EC9D-1025-96E2-2B547623D1DA}.Debug|Any CPU.ActiveCfg = Debug|Any CPU
		{ACF40E7E-EC9D-1025-96E2-2B547623D1DA}.Debug|Any CPU.Build.0 = Debug|Any CPU
		{ACF40E7E-EC9D-1025-96E2-2B547623D1DA}.Release|Any CPU.ActiveCfg = Release|Any CPU
		{ACF40E7E-EC9D-1025-96E2-2B547623D1DA}.Release|Any CPU.Build.0 = Release|Any CPU
		{C5764937-02D0-64D5-D89E-F122A8F51938}.Debug|Any CPU.ActiveCfg = Debug|Any CPU
		{C5764937-02D0-64D5-D89E-F122A8F51938}.Debug|Any CPU.Build.0 = Debug|Any CPU
		{C5764937-02D0-64D5-D89E-F122A8F51938}.Release|Any CPU.ActiveCfg = Release|Any CPU
		{C5764937-02D0-64D5-D89E-F122A8F51938}.Release|Any CPU.Build.0 = Release|Any CPU
	EndGlobalSection
	GlobalSection(SolutionProperties) = preSolution
		HideSolutionNode = FALSE
	EndGlobalSection
																									GlobalSection(MonoDevelopProperties) = preSolution
		StartupItem = Assembly-CSharp.csproj
		Policies = $0
		$0.TextStylePolicy = $1
		$1.inheritsSet = null
		$1.scope = text/x-csharp
		$0.CSharpFormattingPolicy = $2
		$2.inheritsSet = Mono
		$2.inheritsScope = text/x-csharp
		$2.scope = text/x-csharp
		$0.TextStylePolicy = $3
		$3.FileWidth = 120
		$3.TabWidth = 4
		$3.EolMarker = Unix
		$3.inheritsSet = Mono
		$3.inheritsScope = text/plain
		$3.scope = text/plain
	EndGlobalSection

EndGlobal
