Microsoft Visual Studio Solution File, Format Version 11.00
# Visual Studio 2008

Project("{6826AB07-90C7-EE61-BC02-AF5178F8070B}") = "Vectorial 0.1.3", "Assembly-CSharp-firstpass.csproj", "{6A3A81CC-9F24-ADEE-FD9E-5AE96EE6C776}"
EndProject
Project("{6826AB07-90C7-EE61-BC02-AF5178F8070B}") = "Vectorial 0.1.3", "Assembly-CSharp.csproj", "{D6181CAE-8238-1DD8-0628-A12D70B33CFE}"
EndProject
Project("{6826AB07-90C7-EE61-BC02-AF5178F8070B}") = "Vectorial 0.1.3", "Assembly-UnityScript-firstpass.unityproj", "{64F4DD59-503D-5A25-5D14-378B1AE1C079}"
EndProject
Project("{6826AB07-90C7-EE61-BC02-AF5178F8070B}") = "Vectorial 0.1.3", "Assembly-UnityScript.unityproj", "{570A4DE1-27AD-975E-34A4-5086B04E148F}"
EndProject
Global
	GlobalSection(SolutionConfigurationPlatforms) = preSolution
		Debug|Any CPU = Debug|Any CPU
		Release|Any CPU = Release|Any CPU
	EndGlobalSection
	GlobalSection(ProjectConfigurationPlatforms) = postSolution
		{6A3A81CC-9F24-ADEE-FD9E-5AE96EE6C776}.Debug|Any CPU.ActiveCfg = Debug|Any CPU
		{6A3A81CC-9F24-ADEE-FD9E-5AE96EE6C776}.Debug|Any CPU.Build.0 = Debug|Any CPU
		{6A3A81CC-9F24-ADEE-FD9E-5AE96EE6C776}.Release|Any CPU.ActiveCfg = Release|Any CPU
		{6A3A81CC-9F24-ADEE-FD9E-5AE96EE6C776}.Release|Any CPU.Build.0 = Release|Any CPU
		{D6181CAE-8238-1DD8-0628-A12D70B33CFE}.Debug|Any CPU.ActiveCfg = Debug|Any CPU
		{D6181CAE-8238-1DD8-0628-A12D70B33CFE}.Debug|Any CPU.Build.0 = Debug|Any CPU
		{D6181CAE-8238-1DD8-0628-A12D70B33CFE}.Release|Any CPU.ActiveCfg = Release|Any CPU
		{D6181CAE-8238-1DD8-0628-A12D70B33CFE}.Release|Any CPU.Build.0 = Release|Any CPU
		{64F4DD59-503D-5A25-5D14-378B1AE1C079}.Debug|Any CPU.ActiveCfg = Debug|Any CPU
		{64F4DD59-503D-5A25-5D14-378B1AE1C079}.Debug|Any CPU.Build.0 = Debug|Any CPU
		{64F4DD59-503D-5A25-5D14-378B1AE1C079}.Release|Any CPU.ActiveCfg = Release|Any CPU
		{64F4DD59-503D-5A25-5D14-378B1AE1C079}.Release|Any CPU.Build.0 = Release|Any CPU
		{570A4DE1-27AD-975E-34A4-5086B04E148F}.Debug|Any CPU.ActiveCfg = Debug|Any CPU
		{570A4DE1-27AD-975E-34A4-5086B04E148F}.Debug|Any CPU.Build.0 = Debug|Any CPU
		{570A4DE1-27AD-975E-34A4-5086B04E148F}.Release|Any CPU.ActiveCfg = Release|Any CPU
		{570A4DE1-27AD-975E-34A4-5086B04E148F}.Release|Any CPU.Build.0 = Release|Any CPU
	EndGlobalSection
	GlobalSection(SolutionProperties) = preSolution
		HideSolutionNode = FALSE
	EndGlobalSection
		GlobalSection(MonoDevelopProperties) = preSolution
		StartupItem = Assembly-CSharp.csproj
		Policies = $0
		$0.TextStylePolicy = $1
		$1.inheritsSet = null
		$1.scope = text/x-csharp
		$0.CSharpFormattingPolicy = $2
		$2.inheritsSet = Mono
		$2.inheritsScope = text/x-csharp
		$2.scope = text/x-csharp
		$0.TextStylePolicy = $3
		$3.FileWidth = 120
		$3.TabWidth = 4
		$3.EolMarker = Unix
		$3.inheritsSet = Mono
		$3.inheritsScope = text/plain
		$3.scope = text/plain
	EndGlobalSection

EndGlobal
